
Microsoft Visual Studio Solution File, Format Version 12.00
# Visual Studio 14
VisualStudioVersion = 14.0.25420.1
MinimumVisualStudioVersion = 10.0.40219.1
Project("{FAE04EC0-301F-11D3-BF4B-00C04F79EFBC}") = "01.Rabbit Hole", "01.Rabbit Hole\01.Rabbit Hole.csproj", "{A16D9B75-5452-4A78-A921-B4DF7FC6F883}"
EndProject
Project("{FAE04EC0-301F-11D3-BF4B-00C04F79EFBC}") = "02. Binary Search", "02. Binary Search\02. Binary Search.csproj", "{821E26B1-70B5-48C5-8C51-D8DBC85659BA}"
EndProject
Project("{FAE04EC0-301F-11D3-BF4B-00C04F79EFBC}") = "03. Mirror Image", "03. Mirror Image\03. Mirror Image.csproj", "{4236481F-3918-49C9-8285-E06783C9EBD8}"
EndProject
Project("{FAE04EC0-301F-11D3-BF4B-00C04F79EFBC}") = "04. Japanese Roulette", "ConsoleApplication1\04. Japanese Roulette.csproj", "{EF24129A-3A0F-43DF-873E-FF8C75C25463}"
EndProject
Project("{FAE04EC0-301F-11D3-BF4B-00C04F79EFBC}") = "05. Increasing Crisis", "05. Increasing Crisis\05. Increasing Crisis.csproj", "{C8FB3C80-1B1D-4550-BE9E-64725E58904D}"
EndProject
Project("{FAE04EC0-301F-11D3-BF4B-00C04F79EFBC}") = "06. Extremums", "06. Extremums\06. Extremums.csproj", "{CFC8245D-2336-4F04-9217-55DE7EE55CAA}"
EndProject
Global
	GlobalSection(SolutionConfigurationPlatforms) = preSolution
		Debug|Any CPU = Debug|Any CPU
		Release|Any CPU = Release|Any CPU
	EndGlobalSection
	GlobalSection(ProjectConfigurationPlatforms) = postSolution
		{A16D9B75-5452-4A78-A921-B4DF7FC6F883}.Debug|Any CPU.ActiveCfg = Debug|Any CPU
		{A16D9B75-5452-4A78-A921-B4DF7FC6F883}.Debug|Any CPU.Build.0 = Debug|Any CPU
		{A16D9B75-5452-4A78-A921-B4DF7FC6F883}.Release|Any CPU.ActiveCfg = Release|Any CPU
		{A16D9B75-5452-4A78-A921-B4DF7FC6F883}.Release|Any CPU.Build.0 = Release|Any CPU
		{821E26B1-70B5-48C5-8C51-D8DBC85659BA}.Debug|Any CPU.ActiveCfg = Debug|Any CPU
		{821E26B1-70B5-48C5-8C51-D8DBC85659BA}.Debug|Any CPU.Build.0 = Debug|Any CPU
		{821E26B1-70B5-48C5-8C51-D8DBC85659BA}.Release|Any CPU.ActiveCfg = Release|Any CPU
		{821E26B1-70B5-48C5-8C51-D8DBC85659BA}.Release|Any CPU.Build.0 = Release|Any CPU
		{4236481F-3918-49C9-8285-E06783C9EBD8}.Debug|Any CPU.ActiveCfg = Debug|Any CPU
		{4236481F-3918-49C9-8285-E06783C9EBD8}.Debug|Any CPU.Build.0 = Debug|Any CPU
		{4236481F-3918-49C9-8285-E06783C9EBD8}.Release|Any CPU.ActiveCfg = Release|Any CPU
		{4236481F-3918-49C9-8285-E06783C9EBD8}.Release|Any CPU.Build.0 = Release|Any CPU
		{EF24129A-3A0F-43DF-873E-FF8C75C25463}.Debug|Any CPU.ActiveCfg = Debug|Any CPU
		{EF24129A-3A0F-43DF-873E-FF8C75C25463}.Debug|Any CPU.Build.0 = Debug|Any CPU
		{EF24129A-3A0F-43DF-873E-FF8C75C25463}.Release|Any CPU.ActiveCfg = Release|Any CPU
		{EF24129A-3A0F-43DF-873E-FF8C75C25463}.Release|Any CPU.Build.0 = Release|Any CPU
		{C8FB3C80-1B1D-4550-BE9E-64725E58904D}.Debug|Any CPU.ActiveCfg = Debug|Any CPU
		{C8FB3C80-1B1D-4550-BE9E-64725E58904D}.Debug|Any CPU.Build.0 = Debug|Any CPU
		{C8FB3C80-1B1D-4550-BE9E-64725E58904D}.Release|Any CPU.ActiveCfg = Release|Any CPU
		{C8FB3C80-1B1D-4550-BE9E-64725E58904D}.Release|Any CPU.Build.0 = Release|Any CPU
		{CFC8245D-2336-4F04-9217-55DE7EE55CAA}.Debug|Any CPU.ActiveCfg = Debug|Any CPU
		{CFC8245D-2336-4F04-9217-55DE7EE55CAA}.Debug|Any CPU.Build.0 = Debug|Any CPU
		{CFC8245D-2336-4F04-9217-55DE7EE55CAA}.Release|Any CPU.ActiveCfg = Release|Any CPU
		{CFC8245D-2336-4F04-9217-55DE7EE55CAA}.Release|Any CPU.Build.0 = Release|Any CPU
	EndGlobalSection
	GlobalSection(SolutionProperties) = preSolution
		HideSolutionNode = FALSE
	EndGlobalSection
EndGlobal
